
Microsoft Visual Studio Solution File, Format Version 12.00
# Visual Studio Version 17
VisualStudioVersion = 17.14.36414.22
MinimumVisualStudioVersion = 10.0.40219.1
Project("{FAE04EC0-301F-11D3-BF4B-00C04F79EFBC}") = "Domain", "Domain\Domain.csproj", "{204B809A-D027-406F-8529-2193211726EE}"
EndProject
Project("{FAE04EC0-301F-11D3-BF4B-00C04F79EFBC}") = "Infrastructure", "Infrastructure\Infrastructure.csproj", "{AF96D17C-450D-43C3-8483-E111C856AFA4}"
EndProject
Project("{FAE04EC0-301F-11D3-BF4B-00C04F79EFBC}") = "Services", "Services\Services.csproj", "{ADF5BD48-5E3B-4665-B06D-B9DE1B63082A}"
EndProject
Project("{FAE04EC0-301F-11D3-BF4B-00C04F79EFBC}") = "Shared", "Shared\Shared.csproj", "{36B44F87-D9AD-403C-ACE4-A02A0C415E22}"
EndProject
Project("{FAE04EC0-301F-11D3-BF4B-00C04F79EFBC}") = "Presentation", "Presentation\Presentation.csproj", "{84C6A5FD-2483-4342-8B55-FE9975BDEF0B}"
EndProject
Global
	GlobalSection(SolutionConfigurationPlatforms) = preSolution
		Debug|Any CPU = Debug|Any CPU
		Release|Any CPU = Release|Any CPU
	EndGlobalSection
	GlobalSection(ProjectConfigurationPlatforms) = postSolution
		{204B809A-D027-406F-8529-2193211726EE}.Debug|Any CPU.ActiveCfg = Debug|Any CPU
		{204B809A-D027-406F-8529-2193211726EE}.Debug|Any CPU.Build.0 = Debug|Any CPU
		{204B809A-D027-406F-8529-2193211726EE}.Release|Any CPU.ActiveCfg = Release|Any CPU
		{204B809A-D027-406F-8529-2193211726EE}.Release|Any CPU.Build.0 = Release|Any CPU
		{AF96D17C-450D-43C3-8483-E111C856AFA4}.Debug|Any CPU.ActiveCfg = Debug|Any CPU
		{AF96D17C-450D-43C3-8483-E111C856AFA4}.Debug|Any CPU.Build.0 = Debug|Any CPU
		{AF96D17C-450D-43C3-8483-E111C856AFA4}.Release|Any CPU.ActiveCfg = Release|Any CPU
		{AF96D17C-450D-43C3-8483-E111C856AFA4}.Release|Any CPU.Build.0 = Release|Any CPU
		{ADF5BD48-5E3B-4665-B06D-B9DE1B63082A}.Debug|Any CPU.ActiveCfg = Debug|Any CPU
		{ADF5BD48-5E3B-4665-B06D-B9DE1B63082A}.Debug|Any CPU.Build.0 = Debug|Any CPU
		{ADF5BD48-5E3B-4665-B06D-B9DE1B63082A}.Release|Any CPU.ActiveCfg = Release|Any CPU
		{ADF5BD48-5E3B-4665-B06D-B9DE1B63082A}.Release|Any CPU.Build.0 = Release|Any CPU
		{36B44F87-D9AD-403C-ACE4-A02A0C415E22}.Debug|Any CPU.ActiveCfg = Debug|Any CPU
		{36B44F87-D9AD-403C-ACE4-A02A0C415E22}.Debug|Any CPU.Build.0 = Debug|Any CPU
		{36B44F87-D9AD-403C-ACE4-A02A0C415E22}.Release|Any CPU.ActiveCfg = Release|Any CPU
		{36B44F87-D9AD-403C-ACE4-A02A0C415E22}.Release|Any CPU.Build.0 = Release|Any CPU
		{84C6A5FD-2483-4342-8B55-FE9975BDEF0B}.Debug|Any CPU.ActiveCfg = Debug|Any CPU
		{84C6A5FD-2483-4342-8B55-FE9975BDEF0B}.Debug|Any CPU.Build.0 = Debug|Any CPU
		{84C6A5FD-2483-4342-8B55-FE9975BDEF0B}.Release|Any CPU.ActiveCfg = Release|Any CPU
		{84C6A5FD-2483-4342-8B55-FE9975BDEF0B}.Release|Any CPU.Build.0 = Release|Any CPU
	EndGlobalSection
	GlobalSection(SolutionProperties) = preSolution
		HideSolutionNode = FALSE
	EndGlobalSection
	GlobalSection(ExtensibilityGlobals) = postSolution
		SolutionGuid = {CE91F20F-6BF3-456A-A734-D00DD21DB897}
	EndGlobalSection
EndGlobal
